// !$*UTF8*$!
{
	archiveVersion = 1;
	classes = {
	};
	objectVersion = 46;
	objects = {

/* Begin PBXBuildFile section */
		E069539D1B0C37BB001CA227 /* AppDelegate.swift in Sources */ = {isa = PBXBuildFile; fileRef = E069539C1B0C37BB001CA227 /* AppDelegate.swift */; };
		E069539F1B0C37BB001CA227 /* VoiceViewController.swift in Sources */ = {isa = PBXBuildFile; fileRef = E069539E1B0C37BB001CA227 /* VoiceViewController.swift */; };
		E06953A21B0C37BB001CA227 /* Main.storyboard in Resources */ = {isa = PBXBuildFile; fileRef = E06953A01B0C37BB001CA227 /* Main.storyboard */; };
		E06953A41B0C37BB001CA227 /* Images.xcassets in Resources */ = {isa = PBXBuildFile; fileRef = E06953A31B0C37BB001CA227 /* Images.xcassets */; };
		E06953A71B0C37BB001CA227 /* LaunchScreen.xib in Resources */ = {isa = PBXBuildFile; fileRef = E06953A51B0C37BB001CA227 /* LaunchScreen.xib */; };
		E06953B31B0C37BB001CA227 /* voiceThingTests.swift in Sources */ = {isa = PBXBuildFile; fileRef = E06953B21B0C37BB001CA227 /* voiceThingTests.swift */; };
/* End PBXBuildFile section */

/* Begin PBXContainerItemProxy section */
		E06953AD1B0C37BB001CA227 /* PBXContainerItemProxy */ = {
			isa = PBXContainerItemProxy;
			containerPortal = E069538F1B0C37BB001CA227 /* Project object */;
			proxyType = 1;
			remoteGlobalIDString = E06953961B0C37BB001CA227;
			remoteInfo = voiceThing;
		};
/* End PBXContainerItemProxy section */

/* Begin PBXFileReference section */
		E06953971B0C37BB001CA227 /* voiceThing.app */ = {isa = PBXFileReference; explicitFileType = wrapper.application; includeInIndex = 0; path = voiceThing.app; sourceTree = BUILT_PRODUCTS_DIR; };
		E069539B1B0C37BB001CA227 /* Info.plist */ = {isa = PBXFileReference; lastKnownFileType = text.plist.xml; path = Info.plist; sourceTree = "<group>"; };
		E069539C1B0C37BB001CA227 /* AppDelegate.swift */ = {isa = PBXFileReference; lastKnownFileType = sourcecode.swift; path = AppDelegate.swift; sourceTree = "<group>"; };
		E069539E1B0C37BB001CA227 /* VoiceViewController.swift */ = {isa = PBXFileReference; lastKnownFileType = sourcecode.swift; path = VoiceViewController.swift; sourceTree = "<group>"; };
		E06953A11B0C37BB001CA227 /* Base */ = {isa = PBXFileReference; lastKnownFileType = file.storyboard; name = Base; path = Base.lproj/Main.storyboard; sourceTree = "<group>"; };
		E06953A31B0C37BB001CA227 /* Images.xcassets */ = {isa = PBXFileReference; lastKnownFileType = folder.assetcatalog; path = Images.xcassets; sourceTree = "<group>"; };
		E06953A61B0C37BB001CA227 /* Base */ = {isa = PBXFileReference; lastKnownFileType = file.xib; name = Base; path = Base.lproj/LaunchScreen.xib; sourceTree = "<group>"; };
		E06953AC1B0C37BB001CA227 /* voiceThingTests.xctest */ = {isa = PBXFileReference; explicitFileType = wrapper.cfbundle; includeInIndex = 0; path = voiceThingTests.xctest; sourceTree = BUILT_PRODUCTS_DIR; };
		E06953B11B0C37BB001CA227 /* Info.plist */ = {isa = PBXFileReference; lastKnownFileType = text.plist.xml; path = Info.plist; sourceTree = "<group>"; };
		E06953B21B0C37BB001CA227 /* voiceThingTests.swift */ = {isa = PBXFileReference; lastKnownFileType = sourcecode.swift; path = voiceThingTests.swift; sourceTree = "<group>"; };
/* End PBXFileReference section */

/* Begin PBXFrameworksBuildPhase section */
		E06953941B0C37BB001CA227 /* Frameworks */ = {
			isa = PBXFrameworksBuildPhase;
			buildActionMask = 2147483647;
			files = (
			);
			runOnlyForDeploymentPostprocessing = 0;
		};
		E06953A91B0C37BB001CA227 /* Frameworks */ = {
			isa = PBXFrameworksBuildPhase;
			buildActionMask = 2147483647;
			files = (
			);
			runOnlyForDeploymentPostprocessing = 0;
		};
/* End PBXFrameworksBuildPhase section */

/* Begin PBXGroup section */
		E069538E1B0C37BB001CA227 = {
			isa = PBXGroup;
			children = (
				E06953991B0C37BB001CA227 /* voiceThing */,
				E06953AF1B0C37BB001CA227 /* voiceThingTests */,
				E06953981B0C37BB001CA227 /* Products */,
			);
			sourceTree = "<group>";
		};
		E06953981B0C37BB001CA227 /* Products */ = {
			isa = PBXGroup;
			children = (
				E06953971B0C37BB001CA227 /* voiceThing.app */,
				E06953AC1B0C37BB001CA227 /* voiceThingTests.xctest */,
			);
			name = Products;
			sourceTree = "<group>";
		};
		E06953991B0C37BB001CA227 /* voiceThing */ = {
			isa = PBXGroup;
			children = (
				E069539C1B0C37BB001CA227 /* AppDelegate.swift */,
				E069539E1B0C37BB001CA227 /* VoiceViewController.swift */,
				E06953A01B0C37BB001CA227 /* Main.storyboard */,
				E06953A31B0C37BB001CA227 /* Images.xcassets */,
				E06953A51B0C37BB001CA227 /* LaunchScreen.xib */,
				E069539A1B0C37BB001CA227 /* Supporting Files */,
			);
			path = voiceThing;
			sourceTree = "<group>";
		};
		E069539A1B0C37BB001CA227 /* Supporting Files */ = {
			isa = PBXGroup;
			children = (
				E069539B1B0C37BB001CA227 /* Info.plist */,
			);
			name = "Supporting Files";
			sourceTree = "<group>";
		};
		E06953AF1B0C37BB001CA227 /* voiceThingTests */ = {
			isa = PBXGroup;
			children = (
				E06953B21B0C37BB001CA227 /* voiceThingTests.swift */,
				E06953B01B0C37BB001CA227 /* Supporting Files */,
			);
			path = voiceThingTests;
			sourceTree = "<group>";
		};
		E06953B01B0C37BB001CA227 /* Supporting Files */ = {
			isa = PBXGroup;
			children = (
				E06953B11B0C37BB001CA227 /* Info.plist */,
			);
			name = "Supporting Files";
			sourceTree = "<group>";
		};
/* End PBXGroup section */

/* Begin PBXNativeTarget section */
		E06953961B0C37BB001CA227 /* voiceThing */ = {
			isa = PBXNativeTarget;
			buildConfigurationList = E06953B61B0C37BB001CA227 /* Build configuration list for PBXNativeTarget "voiceThing" */;
			buildPhases = (
				E06953931B0C37BB001CA227 /* Sources */,
				E06953941B0C37BB001CA227 /* Frameworks */,
				E06953951B0C37BB001CA227 /* Resources */,
			);
			buildRules = (
			);
			dependencies = (
			);
			name = voiceThing;
			productName = voiceThing;
			productReference = E06953971B0C37BB001CA227 /* voiceThing.app */;
			productType = "com.apple.product-type.application";
		};
		E06953AB1B0C37BB001CA227 /* voiceThingTests */ = {
			isa = PBXNativeTarget;
			buildConfigurationList = E06953B91B0C37BB001CA227 /* Build configuration list for PBXNativeTarget "voiceThingTests" */;
			buildPhases = (
				E06953A81B0C37BB001CA227 /* Sources */,
				E06953A91B0C37BB001CA227 /* Frameworks */,
				E06953AA1B0C37BB001CA227 /* Resources */,
			);
			buildRules = (
			);
			dependencies = (
				E06953AE1B0C37BB001CA227 /* PBXTargetDependency */,
			);
			name = voiceThingTests;
			productName = voiceThingTests;
			productReference = E06953AC1B0C37BB001CA227 /* voiceThingTests.xctest */;
			productType = "com.apple.product-type.bundle.unit-test";
		};
/* End PBXNativeTarget section */

/* Begin PBXProject section */
		E069538F1B0C37BB001CA227 /* Project object */ = {
			isa = PBXProject;
			attributes = {
				LastUpgradeCheck = 0630;
				ORGANIZATIONNAME = "Alma Livingston";
				TargetAttributes = {
					E06953961B0C37BB001CA227 = {
						CreatedOnToolsVersion = 6.3.1;
					};
					E06953AB1B0C37BB001CA227 = {
						CreatedOnToolsVersion = 6.3.1;
						TestTargetID = E06953961B0C37BB001CA227;
					};
				};
			};
			buildConfigurationList = E06953921B0C37BB001CA227 /* Build configuration list for PBXProject "voiceThing" */;
			compatibilityVersion = "Xcode 3.2";
			developmentRegion = English;
			hasScannedForEncodings = 0;
			knownRegions = (
				en,
				Base,
			);
			mainGroup = E069538E1B0C37BB001CA227;
			productRefGroup = E06953981B0C37BB001CA227 /* Products */;
			projectDirPath = "";
			projectRoot = "";
			targets = (
				E06953961B0C37BB001CA227 /* voiceThing */,
				E06953AB1B0C37BB001CA227 /* voiceThingTests */,
			);
		};
/* End PBXProject section */

/* Begin PBXResourcesBuildPhase section */
		E06953951B0C37BB001CA227 /* Resources */ = {
			isa = PBXResourcesBuildPhase;
			buildActionMask = 2147483647;
			files = (
				E06953A21B0C37BB001CA227 /* Main.storyboard in Resources */,
				E06953A71B0C37BB001CA227 /* LaunchScreen.xib in Resources */,
				E06953A41B0C37BB001CA227 /* Images.xcassets in Resources */,
			);
			runOnlyForDeploymentPostprocessing = 0;
		};
		E06953AA1B0C37BB001CA227 /* Resources */ = {
			isa = PBXResourcesBuildPhase;
			buildActionMask = 2147483647;
			files = (
			);
			runOnlyForDeploymentPostprocessing = 0;
		};
/* End PBXResourcesBuildPhase section */

/* Begin PBXSourcesBuildPhase section */
		E06953931B0C37BB001CA227 /* Sources */ = {
			isa = PBXSourcesBuildPhase;
			buildActionMask = 2147483647;
			files = (
				E069539F1B0C37BB001CA227 /* VoiceViewController.swift in Sources */,
				E069539D1B0C37BB001CA227 /* AppDelegate.swift in Sources */,
			);
			runOnlyForDeploymentPostprocessing = 0;
		};
		E06953A81B0C37BB001CA227 /* Sources */ = {
			isa = PBXSourcesBuildPhase;
			buildActionMask = 2147483647;
			files = (
				E06953B31B0C37BB001CA227 /* voiceThingTests.swift in Sources */,
			);
			runOnlyForDeploymentPostprocessing = 0;
		};
/* End PBXSourcesBuildPhase section */

/* Begin PBXTargetDependency section */
		E06953AE1B0C37BB001CA227 /* PBXTargetDependency */ = {
			isa = PBXTargetDependency;
			target = E06953961B0C37BB001CA227 /* voiceThing */;
			targetProxy = E06953AD1B0C37BB001CA227 /* PBXContainerItemProxy */;
		};
/* End PBXTargetDependency section */

/* Begin PBXVariantGroup section */
		E06953A01B0C37BB001CA227 /* Main.storyboard */ = {
			isa = PBXVariantGroup;
			children = (
				E06953A11B0C37BB001CA227 /* Base */,
			);
			name = Main.storyboard;
			sourceTree = "<group>";
		};
		E06953A51B0C37BB001CA227 /* LaunchScreen.xib */ = {
			isa = PBXVariantGroup;
			children = (
				E06953A61B0C37BB001CA227 /* Base */,
			);
			name = LaunchScreen.xib;
			sourceTree = "<group>";
		};
/* End PBXVariantGroup section */

/* Begin XCBuildConfiguration section */
		E06953B41B0C37BB001CA227 /* Debug */ = {
			isa = XCBuildConfiguration;
			buildSettings = {
				ALWAYS_SEARCH_USER_PATHS = NO;
				CLANG_CXX_LANGUAGE_STANDARD = "gnu++0x";
				CLANG_CXX_LIBRARY = "libc++";
				CLANG_ENABLE_MODULES = YES;
				CLANG_ENABLE_OBJC_ARC = YES;
				CLANG_WARN_BOOL_CONVERSION = YES;
				CLANG_WARN_CONSTANT_CONVERSION = YES;
				CLANG_WARN_DIRECT_OBJC_ISA_USAGE = YES_ERROR;
				CLANG_WARN_EMPTY_BODY = YES;
				CLANG_WARN_ENUM_CONVERSION = YES;
				CLANG_WARN_INT_CONVERSION = YES;
				CLANG_WARN_OBJC_ROOT_CLASS = YES_ERROR;
				CLANG_WARN_UNREACHABLE_CODE = YES;
				CLANG_WARN__DUPLICATE_METHOD_MATCH = YES;
				"CODE_SIGN_IDENTITY[sdk=iphoneos*]" = "iPhone Developer";
				COPY_PHASE_STRIP = NO;
				DEBUG_INFORMATION_FORMAT = "dwarf-with-dsym";
				ENABLE_STRICT_OBJC_MSGSEND = YES;
				GCC_C_LANGUAGE_STANDARD = gnu99;
				GCC_DYNAMIC_NO_PIC = NO;
				GCC_NO_COMMON_BLOCKS = YES;
				GCC_OPTIMIZATION_LEVEL = 0;
				GCC_PREPROCESSOR_DEFINITIONS = (
					"DEBUG=1",
					"$(inherited)",
				);
				GCC_SYMBOLS_PRIVATE_EXTERN = NO;
				GCC_WARN_64_TO_32_BIT_CONVERSION = YES;
				GCC_WARN_ABOUT_RETURN_TYPE = YES_ERROR;
				GCC_WARN_UNDECLARED_SELECTOR = YES;
				GCC_WARN_UNINITIALIZED_AUTOS = YES_AGGRESSIVE;
				GCC_WARN_UNUSED_FUNCTION = YES;
				GCC_WARN_UNUSED_VARIABLE = YES;
				IPHONEOS_DEPLOYMENT_TARGET = 8.3;
				MTL_ENABLE_DEBUG_INFO = YES;
				ONLY_ACTIVE_ARCH = YES;
				SDKROOT = iphoneos;
				SWIFT_OPTIMIZATION_LEVEL = "-Onone";
				TARGETED_DEVICE_FAMILY = "1,2";
			};
			name = Debug;
		};
		E06953B51B0C37BB001CA227 /* Release */ = {
			isa = XCBuildConfiguration;
			buildSettings = {
				ALWAYS_SEARCH_USER_PATHS = NO;
				CLANG_CXX_LANGUAGE_STANDARD = "gnu++0x";
				CLANG_CXX_LIBRARY = "libc++";
				CLANG_ENABLE_MODULES = YES;
				CLANG_ENABLE_OBJC_ARC = YES;
				CLANG_WARN_BOOL_CONVERSION = YES;
				CLANG_WARN_CONSTANT_CONVERSION = YES;
				CLANG_WARN_DIRECT_OBJC_ISA_USAGE = YES_ERROR;
				CLANG_WARN_EMPTY_BODY = YES;
				CLANG_WARN_ENUM_CONVERSION = YES;
				CLANG_WARN_INT_CONVERSION = YES;
				CLANG_WARN_OBJC_ROOT_CLASS = YES_ERROR;
				CLANG_WARN_UNREACHABLE_CODE = YES;
				CLANG_WARN__DUPLICATE_METHOD_MATCH = YES;
				"CODE_SIGN_IDENTITY[sdk=iphoneos*]" = "iPhone Developer";
				COPY_PHASE_STRIP = NO;
				DEBUG_INFORMATION_FORMAT = "dwarf-with-dsym";
				ENABLE_NS_ASSERTIONS = NO;
				ENABLE_STRICT_OBJC_MSGSEND = YES;
				GCC_C_LANGUAGE_STANDARD = gnu99;
				GCC_NO_COMMON_BLOCKS = YES;
				GCC_WARN_64_TO_32_BIT_CONVERSION = YES;
				GCC_WARN_ABOUT_RETURN_TYPE = YES_ERROR;
				GCC_WARN_UNDECLARED_SELECTOR = YES;
				GCC_WARN_UNINITIALIZED_AUTOS = YES_AGGRESSIVE;
				GCC_WARN_UNUSED_FUNCTION = YES;
				GCC_WARN_UNUSED_VARIABLE = YES;
				IPHONEOS_DEPLOYMENT_TARGET = 8.3;
				MTL_ENABLE_DEBUG_INFO = NO;
				SDKROOT = iphoneos;
				TARGETED_DEVICE_FAMILY = "1,2";
				VALIDATE_PRODUCT = YES;
			};
			name = Release;
		};
		E06953B71B0C37BB001CA227 /* Debug */ = {
			isa = XCBuildConfiguration;
			buildSettings = {
				ASSETCATALOG_COMPILER_APPICON_NAME = AppIcon;
				INFOPLIST_FILE = voiceThing/Info.plist;
				IPHONEOS_DEPLOYMENT_TARGET = 8.3;
				LD_RUNPATH_SEARCH_PATHS = "$(inherited) @executable_path/Frameworks";
				PRODUCT_NAME = "$(TARGET_NAME)";
			};
			name = Debug;
		};
		E06953B81B0C37BB001CA227 /* Release */ = {
			isa = XCBuildConfiguration;
			buildSettings = {
				ASSETCATALOG_COMPILER_APPICON_NAME = AppIcon;
				INFOPLIST_FILE = voiceThing/Info.plist;
				IPHONEOS_DEPLOYMENT_TARGET = 8.3;
				LD_RUNPATH_SEARCH_PATHS = "$(inherited) @executable_path/Frameworks";
				PRODUCT_NAME = "$(TARGET_NAME)";
			};
			name = Release;
		};
		E06953BA1B0C37BB001CA227 /* Debug */ = {
			isa = XCBuildConfiguration;
			buildSettings = {
				BUNDLE_LOADER = "$(TEST_HOST)";
				FRAMEWORK_SEARCH_PATHS = (
					"$(SDKROOT)/Developer/Library/Frameworks",
					"$(inherited)",
				);
				GCC_PREPROCESSOR_DEFINITIONS = (
					"DEBUG=1",
					"$(inherited)",
				);
				INFOPLIST_FILE = voiceThingTests/Info.plist;
				LD_RUNPATH_SEARCH_PATHS = "$(inherited) @executable_path/Frameworks @loader_path/Frameworks";
				PRODUCT_NAME = "$(TARGET_NAME)";
				TEST_HOST = "$(BUILT_PRODUCTS_DIR)/voiceThing.app/voiceThing";
			};
			name = Debug;
		};
		E06953BB1B0C37BB001CA227 /* Release */ = {
			isa = XCBuildConfiguration;
			buildSettings = {
				BUNDLE_LOADER = "$(TEST_HOST)";
				FRAMEWORK_SEARCH_PATHS = (
					"$(SDKROOT)/Developer/Library/Frameworks",
					"$(inherited)",
				);
				INFOPLIST_FILE = voiceThingTests/Info.plist;
				LD_RUNPATH_SEARCH_PATHS = "$(inherited) @executable_path/Frameworks @loader_path/Frameworks";
				PRODUCT_NAME = "$(TARGET_NAME)";
				TEST_HOST = "$(BUILT_PRODUCTS_DIR)/voiceThing.app/voiceThing";
			};
			name = Release;
		};
/* End XCBuildConfiguration section */

/* Begin XCConfigurationList section */
		E06953921B0C37BB001CA227 /* Build configuration list for PBXProject "voiceThing" */ = {
			isa = XCConfigurationList;
			buildConfigurations = (
				E06953B41B0C37BB001CA227 /* Debug */,
				E06953B51B0C37BB001CA227 /* Release */,
			);
			defaultConfigurationIsVisible = 0;
			defaultConfigurationName = Release;
		};
		E06953B61B0C37BB001CA227 /* Build configuration list for PBXNativeTarget "voiceThing" */ = {
			isa = XCConfigurationList;
			buildConfigurations = (
				E06953B71B0C37BB001CA227 /* Debug */,
				E06953B81B0C37BB001CA227 /* Release */,
			);
			defaultConfigurationIsVisible = 0;
			defaultConfigurationName = Release;
		};
		E06953B91B0C37BB001CA227 /* Build configuration list for PBXNativeTarget "voiceThingTests" */ = {
			isa = XCConfigurationList;
			buildConfigurations = (
				E06953BA1B0C37BB001CA227 /* Debug */,
				E06953BB1B0C37BB001CA227 /* Release */,
			);
			defaultConfigurationIsVisible = 0;
			defaultConfigurationName = Release;
		};
/* End XCConfigurationList section */
	};
	rootObject = E069538F1B0C37BB001CA227 /* Project object */;
}
